
Microsoft Visual Studio Solution File, Format Version 12.00
# Visual Studio Version 17
VisualStudioVersion = 17.10.35027.167
MinimumVisualStudioVersion = 10.0.40219.1
Project("{FAE04EC0-301F-11D3-BF4B-00C04F79EFBC}") = "tasks-sol", "tasks-sol\tasks-sol.csproj", "{DCA72DDE-47B9-4EE3-9C0A-40B8DDDEC812}"
EndProject
Global
	GlobalSection(SolutionConfigurationPlatforms) = preSolution
		Debug|Any CPU = Debug|Any CPU
		Release|Any CPU = Release|Any CPU
	EndGlobalSection
	GlobalSection(ProjectConfigurationPlatforms) = postSolution
		{DCA72DDE-47B9-4EE3-9C0A-40B8DDDEC812}.Debug|Any CPU.ActiveCfg = Debug|Any CPU
		{DCA72DDE-47B9-4EE3-9C0A-40B8DDDEC812}.Debug|Any CPU.Build.0 = Debug|Any CPU
		{DCA72DDE-47B9-4EE3-9C0A-40B8DDDEC812}.Release|Any CPU.ActiveCfg = Release|Any CPU
		{DCA72DDE-47B9-4EE3-9C0A-40B8DDDEC812}.Release|Any CPU.Build.0 = Release|Any CPU
	EndGlobalSection
	GlobalSection(SolutionProperties) = preSolution
		HideSolutionNode = FALSE
	EndGlobalSection
	GlobalSection(ExtensibilityGlobals) = postSolution
		SolutionGuid = {62995B23-0E02-4701-ADF2-1595BB514C74}
	EndGlobalSection
EndGlobal
